// !$*UTF8*$!
{
	archiveVersion = 1;
	classes = {
	};
	objectVersion = 56;
	objects = {

/* Begin PBXBuildFile section */
		2FE8D4A9C36951771835383F /* Pods_PaymantApp.framework in Frameworks */ = {isa = PBXBuildFile; fileRef = 2921CBACEBE50ED0A3CF0608 /* Pods_PaymantApp.framework */; };
		6864F74A29A96D410016EE6D /* AppDelegate.swift in Sources */ = {isa = PBXBuildFile; fileRef = 6864F74929A96D410016EE6D /* AppDelegate.swift */; };
		6864F74C29A96D410016EE6D /* SceneDelegate.swift in Sources */ = {isa = PBXBuildFile; fileRef = 6864F74B29A96D410016EE6D /* SceneDelegate.swift */; };
		6864F75329A96D420016EE6D /* Assets.xcassets in Resources */ = {isa = PBXBuildFile; fileRef = 6864F75229A96D420016EE6D /* Assets.xcassets */; };
		6864F75629A96D420016EE6D /* LaunchScreen.storyboard in Resources */ = {isa = PBXBuildFile; fileRef = 6864F75429A96D420016EE6D /* LaunchScreen.storyboard */; };
		6864F76229A971D20016EE6D /* HomeAppVC.swift in Sources */ = {isa = PBXBuildFile; fileRef = 6864F76129A971D20016EE6D /* HomeAppVC.swift */; };
		6864F76629A989BD0016EE6D /* ViewScrolleable.swift in Sources */ = {isa = PBXBuildFile; fileRef = 6864F76529A989BD0016EE6D /* ViewScrolleable.swift */; };
		6864F76829A98FC00016EE6D /* KeyBoardDisplayable.swift in Sources */ = {isa = PBXBuildFile; fileRef = 6864F76729A98FC00016EE6D /* KeyBoardDisplayable.swift */; };
		6864F77229A9ABB80016EE6D /* TextField+Padding.swift in Sources */ = {isa = PBXBuildFile; fileRef = 6864F77129A9ABB80016EE6D /* TextField+Padding.swift */; };
		6864F77429A9B3D70016EE6D /* MehodPageModel.swift in Sources */ = {isa = PBXBuildFile; fileRef = 6864F77329A9B3D70016EE6D /* MehodPageModel.swift */; };
		6864F77C29A9B5E90016EE6D /* PaymentMethodVC.swift in Sources */ = {isa = PBXBuildFile; fileRef = 6864F77B29A9B5E90016EE6D /* PaymentMethodVC.swift */; };
		6864F77E29A9B73D0016EE6D /* PaymentMethodResponse.swift in Sources */ = {isa = PBXBuildFile; fileRef = 6864F77D29A9B73D0016EE6D /* PaymentMethodResponse.swift */; };
		6864F78729AA76CF0016EE6D /* PaymentMethodViewModel.swift in Sources */ = {isa = PBXBuildFile; fileRef = 6864F78629AA76CF0016EE6D /* PaymentMethodViewModel.swift */; };
		6864F78A29AAA2620016EE6D /* PaymentMethodCell.swift in Sources */ = {isa = PBXBuildFile; fileRef = 6864F78929AAA2620016EE6D /* PaymentMethodCell.swift */; };
		689D018929AACEF500FE4C2A /* BankOptionResponse.swift in Sources */ = {isa = PBXBuildFile; fileRef = 689D018829AACEF500FE4C2A /* BankOptionResponse.swift */; };
		689D018C29AACF9800FE4C2A /* BankOptionViewModel.swift in Sources */ = {isa = PBXBuildFile; fileRef = 689D018B29AACF9800FE4C2A /* BankOptionViewModel.swift */; };
		689D018E29AAD03000FE4C2A /* BankOptionVC.swift in Sources */ = {isa = PBXBuildFile; fileRef = 689D018D29AAD03000FE4C2A /* BankOptionVC.swift */; };
		689D019229AAD33E00FE4C2A /* BankOptionCell.swift in Sources */ = {isa = PBXBuildFile; fileRef = 689D019129AAD33E00FE4C2A /* BankOptionCell.swift */; };
		689D01A829AAE54D00FE4C2A /* OddOptionResponse.swift in Sources */ = {isa = PBXBuildFile; fileRef = 689D01A729AAE54D00FE4C2A /* OddOptionResponse.swift */; };
		689D01AA29AAE56B00FE4C2A /* PayerCosts.swift in Sources */ = {isa = PBXBuildFile; fileRef = 689D01A929AAE56B00FE4C2A /* PayerCosts.swift */; };
		689D01AD29AAE69900FE4C2A /* OddOptionService.swift in Sources */ = {isa = PBXBuildFile; fileRef = 689D01AC29AAE69900FE4C2A /* OddOptionService.swift */; };
		689D01AF29AAE89A00FE4C2A /* ODDOptionViewModel.swift in Sources */ = {isa = PBXBuildFile; fileRef = 689D01AE29AAE89A00FE4C2A /* ODDOptionViewModel.swift */; };
		689D01B129AAE98100FE4C2A /* OddsViewController.swift in Sources */ = {isa = PBXBuildFile; fileRef = 689D01B029AAE98100FE4C2A /* OddsViewController.swift */; };
		689D01B329AB184500FE4C2A /* PaymentResumeModel.swift in Sources */ = {isa = PBXBuildFile; fileRef = 689D01B229AB184500FE4C2A /* PaymentResumeModel.swift */; };
		689D01B529AB208000FE4C2A /* Constants.swift in Sources */ = {isa = PBXBuildFile; fileRef = 689D01B429AB208000FE4C2A /* Constants.swift */; };
		689D01B829ABDCA100FE4C2A /* ResumeSheetViewController.swift in Sources */ = {isa = PBXBuildFile; fileRef = 689D01B729ABDCA100FE4C2A /* ResumeSheetViewController.swift */; };
		689D01C429AC67CC00FE4C2A /* PaymentMethodService.swift in Sources */ = {isa = PBXBuildFile; fileRef = 689D01C329AC67CC00FE4C2A /* PaymentMethodService.swift */; };
		689D01C629AC77DB00FE4C2A /* BankOptionService.swift in Sources */ = {isa = PBXBuildFile; fileRef = 689D01C529AC77DB00FE4C2A /* BankOptionService.swift */; };
/* End PBXBuildFile section */

/* Begin PBXFileReference section */
		0097E69101C0913CD172AFEE /* Pods-PaymantApp.debug.xcconfig */ = {isa = PBXFileReference; includeInIndex = 1; lastKnownFileType = text.xcconfig; name = "Pods-PaymantApp.debug.xcconfig"; path = "Target Support Files/Pods-PaymantApp/Pods-PaymantApp.debug.xcconfig"; sourceTree = "<group>"; };
		2921CBACEBE50ED0A3CF0608 /* Pods_PaymantApp.framework */ = {isa = PBXFileReference; explicitFileType = wrapper.framework; includeInIndex = 0; path = Pods_PaymantApp.framework; sourceTree = BUILT_PRODUCTS_DIR; };
		667F0F5CA551F16278376285 /* Pods-PaymantApp.release.xcconfig */ = {isa = PBXFileReference; includeInIndex = 1; lastKnownFileType = text.xcconfig; name = "Pods-PaymantApp.release.xcconfig"; path = "Target Support Files/Pods-PaymantApp/Pods-PaymantApp.release.xcconfig"; sourceTree = "<group>"; };
		6864F74629A96D410016EE6D /* PaymantApp.app */ = {isa = PBXFileReference; explicitFileType = wrapper.application; includeInIndex = 0; path = PaymantApp.app; sourceTree = BUILT_PRODUCTS_DIR; };
		6864F74929A96D410016EE6D /* AppDelegate.swift */ = {isa = PBXFileReference; lastKnownFileType = sourcecode.swift; path = AppDelegate.swift; sourceTree = "<group>"; };
		6864F74B29A96D410016EE6D /* SceneDelegate.swift */ = {isa = PBXFileReference; lastKnownFileType = sourcecode.swift; path = SceneDelegate.swift; sourceTree = "<group>"; };
		6864F75229A96D420016EE6D /* Assets.xcassets */ = {isa = PBXFileReference; lastKnownFileType = folder.assetcatalog; path = Assets.xcassets; sourceTree = "<group>"; };
		6864F75529A96D420016EE6D /* Base */ = {isa = PBXFileReference; lastKnownFileType = file.storyboard; name = Base; path = Base.lproj/LaunchScreen.storyboard; sourceTree = "<group>"; };
		6864F75729A96D420016EE6D /* Info.plist */ = {isa = PBXFileReference; lastKnownFileType = text.plist.xml; path = Info.plist; sourceTree = "<group>"; };
		6864F76129A971D20016EE6D /* HomeAppVC.swift */ = {isa = PBXFileReference; lastKnownFileType = sourcecode.swift; path = HomeAppVC.swift; sourceTree = "<group>"; };
		6864F76529A989BD0016EE6D /* ViewScrolleable.swift */ = {isa = PBXFileReference; lastKnownFileType = sourcecode.swift; path = ViewScrolleable.swift; sourceTree = "<group>"; };
		6864F76729A98FC00016EE6D /* KeyBoardDisplayable.swift */ = {isa = PBXFileReference; lastKnownFileType = sourcecode.swift; path = KeyBoardDisplayable.swift; sourceTree = "<group>"; };
		6864F77129A9ABB80016EE6D /* TextField+Padding.swift */ = {isa = PBXFileReference; lastKnownFileType = sourcecode.swift; path = "TextField+Padding.swift"; sourceTree = "<group>"; };
		6864F77329A9B3D70016EE6D /* MehodPageModel.swift */ = {isa = PBXFileReference; lastKnownFileType = sourcecode.swift; path = MehodPageModel.swift; sourceTree = "<group>"; };
		6864F77B29A9B5E90016EE6D /* PaymentMethodVC.swift */ = {isa = PBXFileReference; lastKnownFileType = sourcecode.swift; path = PaymentMethodVC.swift; sourceTree = "<group>"; };
		6864F77D29A9B73D0016EE6D /* PaymentMethodResponse.swift */ = {isa = PBXFileReference; lastKnownFileType = sourcecode.swift; path = PaymentMethodResponse.swift; sourceTree = "<group>"; };
		6864F78629AA76CF0016EE6D /* PaymentMethodViewModel.swift */ = {isa = PBXFileReference; lastKnownFileType = sourcecode.swift; path = PaymentMethodViewModel.swift; sourceTree = "<group>"; };
		6864F78929AAA2620016EE6D /* PaymentMethodCell.swift */ = {isa = PBXFileReference; lastKnownFileType = sourcecode.swift; path = PaymentMethodCell.swift; sourceTree = "<group>"; };
		689D018829AACEF500FE4C2A /* BankOptionResponse.swift */ = {isa = PBXFileReference; lastKnownFileType = sourcecode.swift; path = BankOptionResponse.swift; sourceTree = "<group>"; };
		689D018B29AACF9800FE4C2A /* BankOptionViewModel.swift */ = {isa = PBXFileReference; lastKnownFileType = sourcecode.swift; path = BankOptionViewModel.swift; sourceTree = "<group>"; };
		689D018D29AAD03000FE4C2A /* BankOptionVC.swift */ = {isa = PBXFileReference; lastKnownFileType = sourcecode.swift; path = BankOptionVC.swift; sourceTree = "<group>"; };
		689D019129AAD33E00FE4C2A /* BankOptionCell.swift */ = {isa = PBXFileReference; lastKnownFileType = sourcecode.swift; path = BankOptionCell.swift; sourceTree = "<group>"; };
		689D01A729AAE54D00FE4C2A /* OddOptionResponse.swift */ = {isa = PBXFileReference; lastKnownFileType = sourcecode.swift; path = OddOptionResponse.swift; sourceTree = "<group>"; };
		689D01A929AAE56B00FE4C2A /* PayerCosts.swift */ = {isa = PBXFileReference; lastKnownFileType = sourcecode.swift; path = PayerCosts.swift; sourceTree = "<group>"; };
		689D01AC29AAE69900FE4C2A /* OddOptionService.swift */ = {isa = PBXFileReference; lastKnownFileType = sourcecode.swift; path = OddOptionService.swift; sourceTree = "<group>"; };
		689D01AE29AAE89A00FE4C2A /* ODDOptionViewModel.swift */ = {isa = PBXFileReference; lastKnownFileType = sourcecode.swift; path = ODDOptionViewModel.swift; sourceTree = "<group>"; };
		689D01B029AAE98100FE4C2A /* OddsViewController.swift */ = {isa = PBXFileReference; lastKnownFileType = sourcecode.swift; path = OddsViewController.swift; sourceTree = "<group>"; };
		689D01B229AB184500FE4C2A /* PaymentResumeModel.swift */ = {isa = PBXFileReference; lastKnownFileType = sourcecode.swift; path = PaymentResumeModel.swift; sourceTree = "<group>"; };
		689D01B429AB208000FE4C2A /* Constants.swift */ = {isa = PBXFileReference; lastKnownFileType = sourcecode.swift; path = Constants.swift; sourceTree = "<group>"; };
		689D01B729ABDCA100FE4C2A /* ResumeSheetViewController.swift */ = {isa = PBXFileReference; lastKnownFileType = sourcecode.swift; path = ResumeSheetViewController.swift; sourceTree = "<group>"; };
		689D01C329AC67CC00FE4C2A /* PaymentMethodService.swift */ = {isa = PBXFileReference; lastKnownFileType = sourcecode.swift; name = PaymentMethodService.swift; path = PaymantApp/Networking/PaymentMethodService.swift; sourceTree = SOURCE_ROOT; };
		689D01C529AC77DB00FE4C2A /* BankOptionService.swift */ = {isa = PBXFileReference; lastKnownFileType = sourcecode.swift; path = BankOptionService.swift; sourceTree = "<group>"; };
/* End PBXFileReference section */

/* Begin PBXFrameworksBuildPhase section */
		6864F74329A96D410016EE6D /* Frameworks */ = {
			isa = PBXFrameworksBuildPhase;
			buildActionMask = 2147483647;
			files = (
				2FE8D4A9C36951771835383F /* Pods_PaymantApp.framework in Frameworks */,
			);
			runOnlyForDeploymentPostprocessing = 0;
		};
/* End PBXFrameworksBuildPhase section */

/* Begin PBXGroup section */
		0DBA496AF3298BB3AEA3444F /* Pods */ = {
			isa = PBXGroup;
			children = (
				0097E69101C0913CD172AFEE /* Pods-PaymantApp.debug.xcconfig */,
				667F0F5CA551F16278376285 /* Pods-PaymantApp.release.xcconfig */,
			);
			path = Pods;
			sourceTree = "<group>";
		};
		65F6037128CA0A6716F5310B /* Frameworks */ = {
			isa = PBXGroup;
			children = (
				2921CBACEBE50ED0A3CF0608 /* Pods_PaymantApp.framework */,
			);
			name = Frameworks;
			sourceTree = "<group>";
		};
		6864F73D29A96D410016EE6D = {
			isa = PBXGroup;
			children = (
				6864F74829A96D410016EE6D /* PaymantApp */,
				6864F74729A96D410016EE6D /* Products */,
				0DBA496AF3298BB3AEA3444F /* Pods */,
				65F6037128CA0A6716F5310B /* Frameworks */,
			);
			sourceTree = "<group>";
		};
		6864F74729A96D410016EE6D /* Products */ = {
			isa = PBXGroup;
			children = (
				6864F74629A96D410016EE6D /* PaymantApp.app */,
			);
			name = Products;
			sourceTree = "<group>";
		};
		6864F74829A96D410016EE6D /* PaymantApp */ = {
			isa = PBXGroup;
			children = (
				6864F77F29A9B7960016EE6D /* Networking */,
				6864F76329A989970016EE6D /* Commons */,
				6864F75D29A970630016EE6D /* HomeApp */,
				6864F77729A9B5420016EE6D /* PaymentMethod */,
				689D017F29AACD1F00FE4C2A /* BankOption */,
				689D019829AADDB500FE4C2A /* OddsOption */,
				6864F75729A96D420016EE6D /* Info.plist */,
			);
			path = PaymantApp;
			sourceTree = "<group>";
		};
		6864F75D29A970630016EE6D /* HomeApp */ = {
			isa = PBXGroup;
			children = (
				689D01B629ABDB9F00FE4C2A /* ResumeView */,
				6864F76029A970850016EE6D /* Controller */,
				6864F75F29A9707E0016EE6D /* View */,
				6864F75E29A970750016EE6D /* Model */,
			);
			path = HomeApp;
			sourceTree = "<group>";
		};
		6864F75E29A970750016EE6D /* Model */ = {
			isa = PBXGroup;
			children = (
				6864F77329A9B3D70016EE6D /* MehodPageModel.swift */,
				689D01B229AB184500FE4C2A /* PaymentResumeModel.swift */,
			);
			path = Model;
			sourceTree = "<group>";
		};
		6864F75F29A9707E0016EE6D /* View */ = {
			isa = PBXGroup;
			children = (
			);
			path = View;
			sourceTree = "<group>";
		};
		6864F76029A970850016EE6D /* Controller */ = {
			isa = PBXGroup;
			children = (
				6864F76129A971D20016EE6D /* HomeAppVC.swift */,
			);
			path = Controller;
			sourceTree = "<group>";
		};
		6864F76329A989970016EE6D /* Commons */ = {
			isa = PBXGroup;
			children = (
				6864F78329A9BA0E0016EE6D /* System */,
				6864F78229A9B9F80016EE6D /* Launchscreen */,
				6864F78129A9B9E30016EE6D /* Resources */,
				6864F76929A9A9920016EE6D /* Utils */,
				6864F76429A989A40016EE6D /* Components */,
			);
			path = Commons;
			sourceTree = "<group>";
		};
		6864F76429A989A40016EE6D /* Components */ = {
			isa = PBXGroup;
			children = (
				6864F76529A989BD0016EE6D /* ViewScrolleable.swift */,
				6864F76729A98FC00016EE6D /* KeyBoardDisplayable.swift */,
			);
			path = Components;
			sourceTree = "<group>";
		};
		6864F76929A9A9920016EE6D /* Utils */ = {
			isa = PBXGroup;
			children = (
				6864F77029A9ABA50016EE6D /* Extension */,
				689D01B429AB208000FE4C2A /* Constants.swift */,
			);
			path = Utils;
			sourceTree = "<group>";
		};
		6864F77029A9ABA50016EE6D /* Extension */ = {
			isa = PBXGroup;
			children = (
				6864F77129A9ABB80016EE6D /* TextField+Padding.swift */,
			);
			path = Extension;
			sourceTree = "<group>";
		};
		6864F77729A9B5420016EE6D /* PaymentMethod */ = {
			isa = PBXGroup;
			children = (
				6864F78829AAA2300016EE6D /* View */,
				6864F77A29A9B5880016EE6D /* Model */,
				6864F77929A9B5770016EE6D /* Controller */,
				6864F77829A9B56E0016EE6D /* ViewModel */,
			);
			path = PaymentMethod;
			sourceTree = "<group>";
		};
		6864F77829A9B56E0016EE6D /* ViewModel */ = {
			isa = PBXGroup;
			children = (
				6864F78629AA76CF0016EE6D /* PaymentMethodViewModel.swift */,
			);
			path = ViewModel;
			sourceTree = "<group>";
		};
		6864F77929A9B5770016EE6D /* Controller */ = {
			isa = PBXGroup;
			children = (
				6864F77B29A9B5E90016EE6D /* PaymentMethodVC.swift */,
			);
			path = Controller;
			sourceTree = "<group>";
		};
		6864F77A29A9B5880016EE6D /* Model */ = {
			isa = PBXGroup;
			children = (
				6864F77D29A9B73D0016EE6D /* PaymentMethodResponse.swift */,
			);
			path = Model;
			sourceTree = "<group>";
		};
		6864F77F29A9B7960016EE6D /* Networking */ = {
			isa = PBXGroup;
			children = (
				689D01AB29AAE63900FE4C2A /* OddOptionMethod */,
				689D018A29AACF2E00FE4C2A /* BankOptionMethod */,
				6864F78029A9B7A80016EE6D /* PaymentMethod */,
			);
			path = Networking;
			sourceTree = "<group>";
		};
		6864F78029A9B7A80016EE6D /* PaymentMethod */ = {
			isa = PBXGroup;
			children = (
				689D01C329AC67CC00FE4C2A /* PaymentMethodService.swift */,
			);
			path = PaymentMethod;
			sourceTree = "<group>";
		};
		6864F78129A9B9E30016EE6D /* Resources */ = {
			isa = PBXGroup;
			children = (
				6864F75229A96D420016EE6D /* Assets.xcassets */,
			);
			path = Resources;
			sourceTree = "<group>";
		};
		6864F78229A9B9F80016EE6D /* Launchscreen */ = {
			isa = PBXGroup;
			children = (
				6864F75429A96D420016EE6D /* LaunchScreen.storyboard */,
			);
			path = Launchscreen;
			sourceTree = "<group>";
		};
		6864F78329A9BA0E0016EE6D /* System */ = {
			isa = PBXGroup;
			children = (
				6864F74929A96D410016EE6D /* AppDelegate.swift */,
				6864F74B29A96D410016EE6D /* SceneDelegate.swift */,
			);
			path = System;
			sourceTree = "<group>";
		};
		6864F78829AAA2300016EE6D /* View */ = {
			isa = PBXGroup;
			children = (
				6864F78929AAA2620016EE6D /* PaymentMethodCell.swift */,
			);
			path = View;
			sourceTree = "<group>";
		};
		689D017F29AACD1F00FE4C2A /* BankOption */ = {
			isa = PBXGroup;
			children = (
				689D018329AACD7A00FE4C2A /* ViewModel */,
				689D018229AACD6E00FE4C2A /* Controller */,
				689D018129AACD6800FE4C2A /* Model */,
				689D018029AACD6000FE4C2A /* View */,
			);
			path = BankOption;
			sourceTree = "<group>";
		};
		689D018029AACD6000FE4C2A /* View */ = {
			isa = PBXGroup;
			children = (
				689D019129AAD33E00FE4C2A /* BankOptionCell.swift */,
			);
			path = View;
			sourceTree = "<group>";
		};
		689D018129AACD6800FE4C2A /* Model */ = {
			isa = PBXGroup;
			children = (
				689D018829AACEF500FE4C2A /* BankOptionResponse.swift */,
			);
			path = Model;
			sourceTree = "<group>";
		};
		689D018229AACD6E00FE4C2A /* Controller */ = {
			isa = PBXGroup;
			children = (
				689D018D29AAD03000FE4C2A /* BankOptionVC.swift */,
			);
			path = Controller;
			sourceTree = "<group>";
		};
		689D018329AACD7A00FE4C2A /* ViewModel */ = {
			isa = PBXGroup;
			children = (
				689D018B29AACF9800FE4C2A /* BankOptionViewModel.swift */,
			);
			path = ViewModel;
			sourceTree = "<group>";
		};
		689D018A29AACF2E00FE4C2A /* BankOptionMethod */ = {
			isa = PBXGroup;
			children = (
				689D01C529AC77DB00FE4C2A /* BankOptionService.swift */,
			);
			path = BankOptionMethod;
			sourceTree = "<group>";
		};
		689D019829AADDB500FE4C2A /* OddsOption */ = {
			isa = PBXGroup;
			children = (
				689D019C29AADE2200FE4C2A /* ViewModel */,
				689D019B29AADE1C00FE4C2A /* Controller */,
				689D019A29AADE1600FE4C2A /* Model */,
				689D019929AADE1000FE4C2A /* View */,
			);
			path = OddsOption;
			sourceTree = "<group>";
		};
		689D019929AADE1000FE4C2A /* View */ = {
			isa = PBXGroup;
			children = (
			);
			path = View;
			sourceTree = "<group>";
		};
		689D019A29AADE1600FE4C2A /* Model */ = {
			isa = PBXGroup;
			children = (
				689D01A729AAE54D00FE4C2A /* OddOptionResponse.swift */,
				689D01A929AAE56B00FE4C2A /* PayerCosts.swift */,
			);
			path = Model;
			sourceTree = "<group>";
		};
		689D019B29AADE1C00FE4C2A /* Controller */ = {
			isa = PBXGroup;
			children = (
				689D01B029AAE98100FE4C2A /* OddsViewController.swift */,
			);
			path = Controller;
			sourceTree = "<group>";
		};
		689D019C29AADE2200FE4C2A /* ViewModel */ = {
			isa = PBXGroup;
			children = (
				689D01AE29AAE89A00FE4C2A /* ODDOptionViewModel.swift */,
			);
			path = ViewModel;
			sourceTree = "<group>";
		};
		689D01AB29AAE63900FE4C2A /* OddOptionMethod */ = {
			isa = PBXGroup;
			children = (
				689D01AC29AAE69900FE4C2A /* OddOptionService.swift */,
			);
			path = OddOptionMethod;
			sourceTree = "<group>";
		};
		689D01B629ABDB9F00FE4C2A /* ResumeView */ = {
			isa = PBXGroup;
			children = (
				689D01B729ABDCA100FE4C2A /* ResumeSheetViewController.swift */,
			);
			path = ResumeView;
			sourceTree = "<group>";
		};
/* End PBXGroup section */

/* Begin PBXNativeTarget section */
		6864F74529A96D410016EE6D /* PaymantApp */ = {
			isa = PBXNativeTarget;
			buildConfigurationList = 6864F75A29A96D420016EE6D /* Build configuration list for PBXNativeTarget "PaymantApp" */;
			buildPhases = (
				1D38461EDDA91B3416C040AA /* [CP] Check Pods Manifest.lock */,
				6864F74229A96D410016EE6D /* Sources */,
				6864F74329A96D410016EE6D /* Frameworks */,
				6864F74429A96D410016EE6D /* Resources */,
				93C0E3089A00767615D46EBB /* [CP] Embed Pods Frameworks */,
			);
			buildRules = (
			);
			dependencies = (
			);
			name = PaymantApp;
			productName = PaymantApp;
			productReference = 6864F74629A96D410016EE6D /* PaymantApp.app */;
			productType = "com.apple.product-type.application";
		};
/* End PBXNativeTarget section */

/* Begin PBXProject section */
		6864F73E29A96D410016EE6D /* Project object */ = {
			isa = PBXProject;
			attributes = {
				BuildIndependentTargetsInParallel = 1;
				LastSwiftUpdateCheck = 1420;
				LastUpgradeCheck = 1420;
				TargetAttributes = {
					6864F74529A96D410016EE6D = {
						CreatedOnToolsVersion = 14.2;
					};
				};
			};
			buildConfigurationList = 6864F74129A96D410016EE6D /* Build configuration list for PBXProject "PaymantApp" */;
			compatibilityVersion = "Xcode 14.0";
			developmentRegion = en;
			hasScannedForEncodings = 0;
			knownRegions = (
				en,
				Base,
			);
			mainGroup = 6864F73D29A96D410016EE6D;
			productRefGroup = 6864F74729A96D410016EE6D /* Products */;
			projectDirPath = "";
			projectRoot = "";
			targets = (
				6864F74529A96D410016EE6D /* PaymantApp */,
			);
		};
/* End PBXProject section */

/* Begin PBXResourcesBuildPhase section */
		6864F74429A96D410016EE6D /* Resources */ = {
			isa = PBXResourcesBuildPhase;
			buildActionMask = 2147483647;
			files = (
				6864F75629A96D420016EE6D /* LaunchScreen.storyboard in Resources */,
				6864F75329A96D420016EE6D /* Assets.xcassets in Resources */,
			);
			runOnlyForDeploymentPostprocessing = 0;
		};
/* End PBXResourcesBuildPhase section */

/* Begin PBXShellScriptBuildPhase section */
		1D38461EDDA91B3416C040AA /* [CP] Check Pods Manifest.lock */ = {
			isa = PBXShellScriptBuildPhase;
			buildActionMask = 2147483647;
			files = (
			);
			inputFileListPaths = (
			);
			inputPaths = (
				"${PODS_PODFILE_DIR_PATH}/Podfile.lock",
				"${PODS_ROOT}/Manifest.lock",
			);
			name = "[CP] Check Pods Manifest.lock";
			outputFileListPaths = (
			);
			outputPaths = (
				"$(DERIVED_FILE_DIR)/Pods-PaymantApp-checkManifestLockResult.txt",
			);
			runOnlyForDeploymentPostprocessing = 0;
			shellPath = /bin/sh;
			shellScript = "diff \"${PODS_PODFILE_DIR_PATH}/Podfile.lock\" \"${PODS_ROOT}/Manifest.lock\" > /dev/null\nif [ $? != 0 ] ; then\n    # print error to STDERR\n    echo \"error: The sandbox is not in sync with the Podfile.lock. Run 'pod install' or update your CocoaPods installation.\" >&2\n    exit 1\nfi\n# This output is used by Xcode 'outputs' to avoid re-running this script phase.\necho \"SUCCESS\" > \"${SCRIPT_OUTPUT_FILE_0}\"\n";
			showEnvVarsInLog = 0;
		};
		93C0E3089A00767615D46EBB /* [CP] Embed Pods Frameworks */ = {
			isa = PBXShellScriptBuildPhase;
			buildActionMask = 2147483647;
			files = (
			);
			inputFileListPaths = (
				"${PODS_ROOT}/Target Support Files/Pods-PaymantApp/Pods-PaymantApp-frameworks-${CONFIGURATION}-input-files.xcfilelist",
			);
			name = "[CP] Embed Pods Frameworks";
			outputFileListPaths = (
				"${PODS_ROOT}/Target Support Files/Pods-PaymantApp/Pods-PaymantApp-frameworks-${CONFIGURATION}-output-files.xcfilelist",
			);
			runOnlyForDeploymentPostprocessing = 0;
			shellPath = /bin/sh;
			shellScript = "\"${PODS_ROOT}/Target Support Files/Pods-PaymantApp/Pods-PaymantApp-frameworks.sh\"\n";
			showEnvVarsInLog = 0;
		};
/* End PBXShellScriptBuildPhase section */

/* Begin PBXSourcesBuildPhase section */
		6864F74229A96D410016EE6D /* Sources */ = {
			isa = PBXSourcesBuildPhase;
			buildActionMask = 2147483647;
			files = (
				6864F78729AA76CF0016EE6D /* PaymentMethodViewModel.swift in Sources */,
				6864F76229A971D20016EE6D /* HomeAppVC.swift in Sources */,
				689D01C629AC77DB00FE4C2A /* BankOptionService.swift in Sources */,
				689D01A829AAE54D00FE4C2A /* OddOptionResponse.swift in Sources */,
				689D01B329AB184500FE4C2A /* PaymentResumeModel.swift in Sources */,
				6864F77429A9B3D70016EE6D /* MehodPageModel.swift in Sources */,
				689D018E29AAD03000FE4C2A /* BankOptionVC.swift in Sources */,
				689D01B529AB208000FE4C2A /* Constants.swift in Sources */,
				689D01B129AAE98100FE4C2A /* OddsViewController.swift in Sources */,
				689D019229AAD33E00FE4C2A /* BankOptionCell.swift in Sources */,
				689D018C29AACF9800FE4C2A /* BankOptionViewModel.swift in Sources */,
				6864F74A29A96D410016EE6D /* AppDelegate.swift in Sources */,
				6864F77E29A9B73D0016EE6D /* PaymentMethodResponse.swift in Sources */,
				689D01AD29AAE69900FE4C2A /* OddOptionService.swift in Sources */,
				6864F77229A9ABB80016EE6D /* TextField+Padding.swift in Sources */,
				6864F74C29A96D410016EE6D /* SceneDelegate.swift in Sources */,
				6864F76629A989BD0016EE6D /* ViewScrolleable.swift in Sources */,
				6864F78A29AAA2620016EE6D /* PaymentMethodCell.swift in Sources */,
				689D01AF29AAE89A00FE4C2A /* ODDOptionViewModel.swift in Sources */,
				689D01B829ABDCA100FE4C2A /* ResumeSheetViewController.swift in Sources */,
				689D01AA29AAE56B00FE4C2A /* PayerCosts.swift in Sources */,
				6864F77C29A9B5E90016EE6D /* PaymentMethodVC.swift in Sources */,
				689D01C429AC67CC00FE4C2A /* PaymentMethodService.swift in Sources */,
				689D018929AACEF500FE4C2A /* BankOptionResponse.swift in Sources */,
				6864F76829A98FC00016EE6D /* KeyBoardDisplayable.swift in Sources */,
			);
			runOnlyForDeploymentPostprocessing = 0;
		};
/* End PBXSourcesBuildPhase section */

/* Begin PBXVariantGroup section */
		6864F75429A96D420016EE6D /* LaunchScreen.storyboard */ = {
			isa = PBXVariantGroup;
			children = (
				6864F75529A96D420016EE6D /* Base */,
			);
			name = LaunchScreen.storyboard;
			sourceTree = "<group>";
		};
/* End PBXVariantGroup section */

/* Begin XCBuildConfiguration section */
		6864F75829A96D420016EE6D /* Debug */ = {
			isa = XCBuildConfiguration;
			buildSettings = {
				ALWAYS_SEARCH_USER_PATHS = NO;
				CLANG_ANALYZER_NONNULL = YES;
				CLANG_ANALYZER_NUMBER_OBJECT_CONVERSION = YES_AGGRESSIVE;
				CLANG_CXX_LANGUAGE_STANDARD = "gnu++20";
				CLANG_ENABLE_MODULES = YES;
				CLANG_ENABLE_OBJC_ARC = YES;
				CLANG_ENABLE_OBJC_WEAK = YES;
				CLANG_WARN_BLOCK_CAPTURE_AUTORELEASING = YES;
				CLANG_WARN_BOOL_CONVERSION = YES;
				CLANG_WARN_COMMA = YES;
				CLANG_WARN_CONSTANT_CONVERSION = YES;
				CLANG_WARN_DEPRECATED_OBJC_IMPLEMENTATIONS = YES;
				CLANG_WARN_DIRECT_OBJC_ISA_USAGE = YES_ERROR;
				CLANG_WARN_DOCUMENTATION_COMMENTS = YES;
				CLANG_WARN_EMPTY_BODY = YES;
				CLANG_WARN_ENUM_CONVERSION = YES;
				CLANG_WARN_INFINITE_RECURSION = YES;
				CLANG_WARN_INT_CONVERSION = YES;
				CLANG_WARN_NON_LITERAL_NULL_CONVERSION = YES;
				CLANG_WARN_OBJC_IMPLICIT_RETAIN_SELF = YES;
				CLANG_WARN_OBJC_LITERAL_CONVERSION = YES;
				CLANG_WARN_OBJC_ROOT_CLASS = YES_ERROR;
				CLANG_WARN_QUOTED_INCLUDE_IN_FRAMEWORK_HEADER = YES;
				CLANG_WARN_RANGE_LOOP_ANALYSIS = YES;
				CLANG_WARN_STRICT_PROTOTYPES = YES;
				CLANG_WARN_SUSPICIOUS_MOVE = YES;
				CLANG_WARN_UNGUARDED_AVAILABILITY = YES_AGGRESSIVE;
				CLANG_WARN_UNREACHABLE_CODE = YES;
				CLANG_WARN__DUPLICATE_METHOD_MATCH = YES;
				COPY_PHASE_STRIP = NO;
				DEBUG_INFORMATION_FORMAT = dwarf;
				ENABLE_STRICT_OBJC_MSGSEND = YES;
				ENABLE_TESTABILITY = YES;
				GCC_C_LANGUAGE_STANDARD = gnu11;
				GCC_DYNAMIC_NO_PIC = NO;
				GCC_NO_COMMON_BLOCKS = YES;
				GCC_OPTIMIZATION_LEVEL = 0;
				GCC_PREPROCESSOR_DEFINITIONS = (
					"DEBUG=1",
					"$(inherited)",
				);
				GCC_WARN_64_TO_32_BIT_CONVERSION = YES;
				GCC_WARN_ABOUT_RETURN_TYPE = YES_ERROR;
				GCC_WARN_UNDECLARED_SELECTOR = YES;
				GCC_WARN_UNINITIALIZED_AUTOS = YES_AGGRESSIVE;
				GCC_WARN_UNUSED_FUNCTION = YES;
				GCC_WARN_UNUSED_VARIABLE = YES;
				IPHONEOS_DEPLOYMENT_TARGET = 16.2;
				MTL_ENABLE_DEBUG_INFO = INCLUDE_SOURCE;
				MTL_FAST_MATH = YES;
				ONLY_ACTIVE_ARCH = YES;
				SDKROOT = iphoneos;
				SWIFT_ACTIVE_COMPILATION_CONDITIONS = DEBUG;
				SWIFT_OPTIMIZATION_LEVEL = "-Onone";
			};
			name = Debug;
		};
		6864F75929A96D420016EE6D /* Release */ = {
			isa = XCBuildConfiguration;
			buildSettings = {
				ALWAYS_SEARCH_USER_PATHS = NO;
				CLANG_ANALYZER_NONNULL = YES;
				CLANG_ANALYZER_NUMBER_OBJECT_CONVERSION = YES_AGGRESSIVE;
				CLANG_CXX_LANGUAGE_STANDARD = "gnu++20";
				CLANG_ENABLE_MODULES = YES;
				CLANG_ENABLE_OBJC_ARC = YES;
				CLANG_ENABLE_OBJC_WEAK = YES;
				CLANG_WARN_BLOCK_CAPTURE_AUTORELEASING = YES;
				CLANG_WARN_BOOL_CONVERSION = YES;
				CLANG_WARN_COMMA = YES;
				CLANG_WARN_CONSTANT_CONVERSION = YES;
				CLANG_WARN_DEPRECATED_OBJC_IMPLEMENTATIONS = YES;
				CLANG_WARN_DIRECT_OBJC_ISA_USAGE = YES_ERROR;
				CLANG_WARN_DOCUMENTATION_COMMENTS = YES;
				CLANG_WARN_EMPTY_BODY = YES;
				CLANG_WARN_ENUM_CONVERSION = YES;
				CLANG_WARN_INFINITE_RECURSION = YES;
				CLANG_WARN_INT_CONVERSION = YES;
				CLANG_WARN_NON_LITERAL_NULL_CONVERSION = YES;
				CLANG_WARN_OBJC_IMPLICIT_RETAIN_SELF = YES;
				CLANG_WARN_OBJC_LITERAL_CONVERSION = YES;
				CLANG_WARN_OBJC_ROOT_CLASS = YES_ERROR;
				CLANG_WARN_QUOTED_INCLUDE_IN_FRAMEWORK_HEADER = YES;
				CLANG_WARN_RANGE_LOOP_ANALYSIS = YES;
				CLANG_WARN_STRICT_PROTOTYPES = YES;
				CLANG_WARN_SUSPICIOUS_MOVE = YES;
				CLANG_WARN_UNGUARDED_AVAILABILITY = YES_AGGRESSIVE;
				CLANG_WARN_UNREACHABLE_CODE = YES;
				CLANG_WARN__DUPLICATE_METHOD_MATCH = YES;
				COPY_PHASE_STRIP = NO;
				DEBUG_INFORMATION_FORMAT = "dwarf-with-dsym";
				ENABLE_NS_ASSERTIONS = NO;
				ENABLE_STRICT_OBJC_MSGSEND = YES;
				GCC_C_LANGUAGE_STANDARD = gnu11;
				GCC_NO_COMMON_BLOCKS = YES;
				GCC_WARN_64_TO_32_BIT_CONVERSION = YES;
				GCC_WARN_ABOUT_RETURN_TYPE = YES_ERROR;
				GCC_WARN_UNDECLARED_SELECTOR = YES;
				GCC_WARN_UNINITIALIZED_AUTOS = YES_AGGRESSIVE;
				GCC_WARN_UNUSED_FUNCTION = YES;
				GCC_WARN_UNUSED_VARIABLE = YES;
				IPHONEOS_DEPLOYMENT_TARGET = 16.2;
				MTL_ENABLE_DEBUG_INFO = NO;
				MTL_FAST_MATH = YES;
				SDKROOT = iphoneos;
				SWIFT_COMPILATION_MODE = wholemodule;
				SWIFT_OPTIMIZATION_LEVEL = "-O";
				VALIDATE_PRODUCT = YES;
			};
			name = Release;
		};
		6864F75B29A96D420016EE6D /* Debug */ = {
			isa = XCBuildConfiguration;
			baseConfigurationReference = 0097E69101C0913CD172AFEE /* Pods-PaymantApp.debug.xcconfig */;
			buildSettings = {
				ASSETCATALOG_COMPILER_APPICON_NAME = AppIcon;
				ASSETCATALOG_COMPILER_GLOBAL_ACCENT_COLOR_NAME = AccentColor;
				CODE_SIGN_STYLE = Automatic;
				CURRENT_PROJECT_VERSION = 1;
				GENERATE_INFOPLIST_FILE = YES;
				INFOPLIST_FILE = PaymantApp/Info.plist;
				INFOPLIST_KEY_UIApplicationSupportsIndirectInputEvents = YES;
				INFOPLIST_KEY_UILaunchStoryboardName = LaunchScreen;
				INFOPLIST_KEY_UISupportedInterfaceOrientations = UIInterfaceOrientationPortrait;
				LD_RUNPATH_SEARCH_PATHS = (
					"$(inherited)",
					"@executable_path/Frameworks",
				);
				MARKETING_VERSION = 1.0;
				PRODUCT_BUNDLE_IDENTIFIER = cl.nelsontapia.PaymantApp;
				PRODUCT_NAME = "$(TARGET_NAME)";
				SWIFT_EMIT_LOC_STRINGS = YES;
				SWIFT_VERSION = 5.0;
				TARGETED_DEVICE_FAMILY = "1,2";
			};
			name = Debug;
		};
		6864F75C29A96D420016EE6D /* Release */ = {
			isa = XCBuildConfiguration;
			baseConfigurationReference = 667F0F5CA551F16278376285 /* Pods-PaymantApp.release.xcconfig */;
			buildSettings = {
				ASSETCATALOG_COMPILER_APPICON_NAME = AppIcon;
				ASSETCATALOG_COMPILER_GLOBAL_ACCENT_COLOR_NAME = AccentColor;
				CODE_SIGN_STYLE = Automatic;
				CURRENT_PROJECT_VERSION = 1;
				GENERATE_INFOPLIST_FILE = YES;
				INFOPLIST_FILE = PaymantApp/Info.plist;
				INFOPLIST_KEY_UIApplicationSupportsIndirectInputEvents = YES;
				INFOPLIST_KEY_UILaunchStoryboardName = LaunchScreen;
				INFOPLIST_KEY_UISupportedInterfaceOrientations = UIInterfaceOrientationPortrait;
				LD_RUNPATH_SEARCH_PATHS = (
					"$(inherited)",
					"@executable_path/Frameworks",
				);
				MARKETING_VERSION = 1.0;
				PRODUCT_BUNDLE_IDENTIFIER = cl.nelsontapia.PaymantApp;
				PRODUCT_NAME = "$(TARGET_NAME)";
				SWIFT_EMIT_LOC_STRINGS = YES;
				SWIFT_VERSION = 5.0;
				TARGETED_DEVICE_FAMILY = "1,2";
			};
			name = Release;
		};
/* End XCBuildConfiguration section */

/* Begin XCConfigurationList section */
		6864F74129A96D410016EE6D /* Build configuration list for PBXProject "PaymantApp" */ = {
			isa = XCConfigurationList;
			buildConfigurations = (
				6864F75829A96D420016EE6D /* Debug */,
				6864F75929A96D420016EE6D /* Release */,
			);
			defaultConfigurationIsVisible = 0;
			defaultConfigurationName = Release;
		};
		6864F75A29A96D420016EE6D /* Build configuration list for PBXNativeTarget "PaymantApp" */ = {
			isa = XCConfigurationList;
			buildConfigurations = (
				6864F75B29A96D420016EE6D /* Debug */,
				6864F75C29A96D420016EE6D /* Release */,
			);
			defaultConfigurationIsVisible = 0;
			defaultConfigurationName = Release;
		};
/* End XCConfigurationList section */
	};
	rootObject = 6864F73E29A96D410016EE6D /* Project object */;
}
